
Microsoft Visual Studio Solution File, Format Version 12.00
# Visual Studio Version 16
VisualStudioVersion = 16.0.32002.261
MinimumVisualStudioVersion = 10.0.40219.1
Project("{FAE04EC0-301F-11D3-BF4B-00C04F79EFBC}") = "MessagingSystem", "MessagingSystem\MessagingSystem.csproj", "{F0212132-1F9B-4BC4-8CDB-A314BC6ED510}"
EndProject
Project("{FAE04EC0-301F-11D3-BF4B-00C04F79EFBC}") = "MessagingServer", "MessagingServer\MessagingServer.csproj", "{D23872E4-81B2-46F6-8CCE-636CE17234CA}"
EndProject
Project("{FAE04EC0-301F-11D3-BF4B-00C04F79EFBC}") = "Client", "Client\Client.csproj", "{CFCECE21-C895-496F-99D9-EFB6462ECE7B}"
EndProject
Global
	GlobalSection(SolutionConfigurationPlatforms) = preSolution
		Debug|Any CPU = Debug|Any CPU
		Release|Any CPU = Release|Any CPU
	EndGlobalSection
	GlobalSection(ProjectConfigurationPlatforms) = postSolution
		{F0212132-1F9B-4BC4-8CDB-A314BC6ED510}.Debug|Any CPU.ActiveCfg = Debug|Any CPU
		{F0212132-1F9B-4BC4-8CDB-A314BC6ED510}.Debug|Any CPU.Build.0 = Debug|Any CPU
		{F0212132-1F9B-4BC4-8CDB-A314BC6ED510}.Release|Any CPU.ActiveCfg = Release|Any CPU
		{F0212132-1F9B-4BC4-8CDB-A314BC6ED510}.Release|Any CPU.Build.0 = Release|Any CPU
		{D23872E4-81B2-46F6-8CCE-636CE17234CA}.Debug|Any CPU.ActiveCfg = Debug|Any CPU
		{D23872E4-81B2-46F6-8CCE-636CE17234CA}.Debug|Any CPU.Build.0 = Debug|Any CPU
		{D23872E4-81B2-46F6-8CCE-636CE17234CA}.Release|Any CPU.ActiveCfg = Release|Any CPU
		{D23872E4-81B2-46F6-8CCE-636CE17234CA}.Release|Any CPU.Build.0 = Release|Any CPU
		{CFCECE21-C895-496F-99D9-EFB6462ECE7B}.Debug|Any CPU.ActiveCfg = Debug|Any CPU
		{CFCECE21-C895-496F-99D9-EFB6462ECE7B}.Debug|Any CPU.Build.0 = Debug|Any CPU
		{CFCECE21-C895-496F-99D9-EFB6462ECE7B}.Release|Any CPU.ActiveCfg = Release|Any CPU
		{CFCECE21-C895-496F-99D9-EFB6462ECE7B}.Release|Any CPU.Build.0 = Release|Any CPU
	EndGlobalSection
	GlobalSection(SolutionProperties) = preSolution
		HideSolutionNode = FALSE
	EndGlobalSection
	GlobalSection(ExtensibilityGlobals) = postSolution
		SolutionGuid = {4B00E889-7787-4CFF-8B11-2A56EF93F285}
	EndGlobalSection
EndGlobal
